
Microsoft Visual Studio Solution File, Format Version 12.00
# Visual Studio 14
VisualStudioVersion = 14.0.25420.1
MinimumVisualStudioVersion = 10.0.40219.1
Project("{8BB2217D-0F2D-49D1-97BC-3654ED321F3B}") = "ServiceStack.Text", "ServiceStack.Text\ServiceStack.Text.xproj", "{9AAA84F0-1553-4622-94FD-CBD341C485BA}"
EndProject
Project("{2150E333-8FDC-42A3-9474-1A3956D46DE8}") = "Solution Items", "Solution Items", "{39DC5D8F-BE4B-423D-A2CD-98BA20C5D29E}"
	ProjectSection(SolutionItems) = preProject
		..\tests\global.json = ..\tests\global.json
	EndProjectSection
EndProject
Global
	GlobalSection(SolutionConfigurationPlatforms) = preSolution
		Debug|Any CPU = Debug|Any CPU
		Release|Any CPU = Release|Any CPU
	EndGlobalSection
	GlobalSection(ProjectConfigurationPlatforms) = postSolution
		{9AAA84F0-1553-4622-94FD-CBD341C485BA}.Debug|Any CPU.ActiveCfg = Debug|Any CPU
		{9AAA84F0-1553-4622-94FD-CBD341C485BA}.Debug|Any CPU.Build.0 = Debug|Any CPU
		{9AAA84F0-1553-4622-94FD-CBD341C485BA}.Release|Any CPU.ActiveCfg = Release|Any CPU
		{9AAA84F0-1553-4622-94FD-CBD341C485BA}.Release|Any CPU.Build.0 = Release|Any CPU
	EndGlobalSection
	GlobalSection(SolutionProperties) = preSolution
		HideSolutionNode = FALSE
	EndGlobalSection
EndGlobal
